
Microsoft Visual Studio Solution File, Format Version 12.00
# Visual Studio Version 16
VisualStudioVersion = 16.0.29102.190
MinimumVisualStudioVersion = 10.0.40219.1
Project("{8BC9CEB8-8B4A-11D0-8D11-00A0C91BC942}") = "phase_estimation", "phase_estimation\phase_estimation.vcxproj", "{E72D4364-B8CB-4CBF-BEBD-F53FE4A76002}"
EndProject
Global
	GlobalSection(SolutionConfigurationPlatforms) = preSolution
		Debug|x64 = Debug|x64
		Debug|x86 = Debug|x86
		Release|x64 = Release|x64
		Release|x86 = Release|x86
	EndGlobalSection
	GlobalSection(ProjectConfigurationPlatforms) = postSolution
		{E72D4364-B8CB-4CBF-BEBD-F53FE4A76002}.Debug|x64.ActiveCfg = Debug|x64
		{E72D4364-B8CB-4CBF-BEBD-F53FE4A76002}.Debug|x64.Build.0 = Debug|x64
		{E72D4364-B8CB-4CBF-BEBD-F53FE4A76002}.Debug|x86.ActiveCfg = Debug|Win32
		{E72D4364-B8CB-4CBF-BEBD-F53FE4A76002}.Debug|x86.Build.0 = Debug|Win32
		{E72D4364-B8CB-4CBF-BEBD-F53FE4A76002}.Release|x64.ActiveCfg = Release|x64
		{E72D4364-B8CB-4CBF-BEBD-F53FE4A76002}.Release|x64.Build.0 = Release|x64
		{E72D4364-B8CB-4CBF-BEBD-F53FE4A76002}.Release|x86.ActiveCfg = Release|Win32
		{E72D4364-B8CB-4CBF-BEBD-F53FE4A76002}.Release|x86.Build.0 = Release|Win32
	EndGlobalSection
	GlobalSection(SolutionProperties) = preSolution
		HideSolutionNode = FALSE
	EndGlobalSection
	GlobalSection(ExtensibilityGlobals) = postSolution
		SolutionGuid = {A216362D-B9C0-42C5-A2E1-D7D5F9A15F8E}
	EndGlobalSection
EndGlobal
